
Microsoft Visual Studio Solution File, Format Version 12.00
# Visual Studio Version 17
VisualStudioVersion = 17.12.35506.116 d17.12
MinimumVisualStudioVersion = 10.0.40219.1
Project("{FAE04EC0-301F-11D3-BF4B-00C04F79EFBC}") = "DatabaseOperation", "DatabaseOperation\DatabaseOperation.csproj", "{37813734-19A6-47F3-BF5A-3A9AE29F752B}"
EndProject
Global
	GlobalSection(SolutionConfigurationPlatforms) = preSolution
		Debug|Any CPU = Debug|Any CPU
		Release|Any CPU = Release|Any CPU
	EndGlobalSection
	GlobalSection(ProjectConfigurationPlatforms) = postSolution
		{37813734-19A6-47F3-BF5A-3A9AE29F752B}.Debug|Any CPU.ActiveCfg = Debug|Any CPU
		{37813734-19A6-47F3-BF5A-3A9AE29F752B}.Debug|Any CPU.Build.0 = Debug|Any CPU
		{37813734-19A6-47F3-BF5A-3A9AE29F752B}.Release|Any CPU.ActiveCfg = Release|Any CPU
		{37813734-19A6-47F3-BF5A-3A9AE29F752B}.Release|Any CPU.Build.0 = Release|Any CPU
	EndGlobalSection
	GlobalSection(SolutionProperties) = preSolution
		HideSolutionNode = FALSE
	EndGlobalSection
EndGlobal
